
Microsoft Visual Studio Solution File, Format Version 12.00
# Visual Studio Version 16
VisualStudioVersion = 16.0.30907.101
MinimumVisualStudioVersion = 10.0.40219.1
Project("{9A19103F-16F7-4668-BE54-9A1E7A4F7556}") = "BakaMining", "BakaMining.csproj", "{14627FE2-6504-48D0-95BC-81383FF12502}"
EndProject
Project("{9A19103F-16F7-4668-BE54-9A1E7A4F7556}") = "ProcessM.NET", "..\ProcessM.NET\ProcessM.NET\ProcessM.NET.csproj", "{14BC3FEC-2AD6-43F1-88FB-08560DE4E0CF}"
EndProject
Global
	GlobalSection(SolutionConfigurationPlatforms) = preSolution
		Debug|Any CPU = Debug|Any CPU
		Release|Any CPU = Release|Any CPU
	EndGlobalSection
	GlobalSection(ProjectConfigurationPlatforms) = postSolution
		{14627FE2-6504-48D0-95BC-81383FF12502}.Debug|Any CPU.ActiveCfg = Debug|Any CPU
		{14627FE2-6504-48D0-95BC-81383FF12502}.Debug|Any CPU.Build.0 = Debug|Any CPU
		{14627FE2-6504-48D0-95BC-81383FF12502}.Release|Any CPU.ActiveCfg = Release|Any CPU
		{14627FE2-6504-48D0-95BC-81383FF12502}.Release|Any CPU.Build.0 = Release|Any CPU
		{14BC3FEC-2AD6-43F1-88FB-08560DE4E0CF}.Debug|Any CPU.ActiveCfg = Debug|Any CPU
		{14BC3FEC-2AD6-43F1-88FB-08560DE4E0CF}.Debug|Any CPU.Build.0 = Debug|Any CPU
		{14BC3FEC-2AD6-43F1-88FB-08560DE4E0CF}.Release|Any CPU.ActiveCfg = Release|Any CPU
		{14BC3FEC-2AD6-43F1-88FB-08560DE4E0CF}.Release|Any CPU.Build.0 = Release|Any CPU
	EndGlobalSection
	GlobalSection(SolutionProperties) = preSolution
		HideSolutionNode = FALSE
	EndGlobalSection
	GlobalSection(ExtensibilityGlobals) = postSolution
		SolutionGuid = {88D530D5-804A-4FD9-AB71-73C6713E4DDC}
	EndGlobalSection
EndGlobal
